// !$*UTF8*$!
{
	archiveVersion = 1;
	classes = {
	};
	objectVersion = 46;
	objects = {

/* Begin PBXBuildFile section */
		F1405A831D93ADAD00B3D8B9 /* main.m in Sources */ = {isa = PBXBuildFile; fileRef = F1405A821D93ADAD00B3D8B9 /* main.m */; };
		F1405A861D93ADAD00B3D8B9 /* AppDelegate.m in Sources */ = {isa = PBXBuildFile; fileRef = F1405A851D93ADAD00B3D8B9 /* AppDelegate.m */; };
		F1405A8C1D93ADAD00B3D8B9 /* Main.storyboard in Resources */ = {isa = PBXBuildFile; fileRef = F1405A8A1D93ADAD00B3D8B9 /* Main.storyboard */; };
		F1405A8E1D93ADAD00B3D8B9 /* Assets.xcassets in Resources */ = {isa = PBXBuildFile; fileRef = F1405A8D1D93ADAD00B3D8B9 /* Assets.xcassets */; };
		F1405A911D93ADAD00B3D8B9 /* LaunchScreen.storyboard in Resources */ = {isa = PBXBuildFile; fileRef = F1405A8F1D93ADAD00B3D8B9 /* LaunchScreen.storyboard */; };
		F1405A9C1D93ADAD00B3D8B9 /* MVPSUserInfoTest.m in Sources */ = {isa = PBXBuildFile; fileRef = F1405A9B1D93ADAD00B3D8B9 /* MVPSUserInfoTest.m */; };
		F1405AA71D93ADAD00B3D8B9 /* MVPSampleAppUITests.m in Sources */ = {isa = PBXBuildFile; fileRef = F1405AA61D93ADAD00B3D8B9 /* MVPSampleAppUITests.m */; };
		F1405ADA1D941AA800B3D8B9 /* UserInfo.json in Resources */ = {isa = PBXBuildFile; fileRef = F1405AD91D941AA800B3D8B9 /* UserInfo.json */; };
		F1509A781D9BA8EE004B6CF6 /* MVPSUserInfoTableViewCell.m in Sources */ = {isa = PBXBuildFile; fileRef = F1509A631D9BA8EE004B6CF6 /* MVPSUserInfoTableViewCell.m */; };
		F1509A791D9BA8EE004B6CF6 /* MVPSViewController.m in Sources */ = {isa = PBXBuildFile; fileRef = F1509A661D9BA8EE004B6CF6 /* MVPSViewController.m */; };
		F1509A7A1D9BA8EE004B6CF6 /* MVPSUserInfoTableViewDataSource.m in Sources */ = {isa = PBXBuildFile; fileRef = F1509A691D9BA8EE004B6CF6 /* MVPSUserInfoTableViewDataSource.m */; };
		F1509A7B1D9BA8EE004B6CF6 /* MVPSUserInfo+View.m in Sources */ = {isa = PBXBuildFile; fileRef = F1509A6C1D9BA8EE004B6CF6 /* MVPSUserInfo+View.m */; };
		F1509A7C1D9BA8EE004B6CF6 /* MVPSUserInfo.m in Sources */ = {isa = PBXBuildFile; fileRef = F1509A6E1D9BA8EE004B6CF6 /* MVPSUserInfo.m */; };
		F1509A7D1D9BA8EE004B6CF6 /* MVPSUserInfoPresenter.m in Sources */ = {isa = PBXBuildFile; fileRef = F1509A711D9BA8EE004B6CF6 /* MVPSUserInfoPresenter.m */; };
		F1509A7E1D9BA8EE004B6CF6 /* MVPSUserInfoViewModel.m in Sources */ = {isa = PBXBuildFile; fileRef = F1509A741D9BA8EE004B6CF6 /* MVPSUserInfoViewModel.m */; };
		F1509A7F1D9BA8EE004B6CF6 /* Utility.m in Sources */ = {isa = PBXBuildFile; fileRef = F1509A771D9BA8EE004B6CF6 /* Utility.m */; };
		F172EADF1D9AAE2800D15300 /* MVPSViewModelTest.m in Sources */ = {isa = PBXBuildFile; fileRef = F172EADE1D9AAE2800D15300 /* MVPSViewModelTest.m */; };
/* End PBXBuildFile section */

/* Begin PBXContainerItemProxy section */
		F1405A981D93ADAD00B3D8B9 /* PBXContainerItemProxy */ = {
			isa = PBXContainerItemProxy;
			containerPortal = F1405A761D93ADAC00B3D8B9 /* Project object */;
			proxyType = 1;
			remoteGlobalIDString = F1405A7D1D93ADAC00B3D8B9;
			remoteInfo = MVPSampleApp;
		};
		F1405AA31D93ADAD00B3D8B9 /* PBXContainerItemProxy */ = {
			isa = PBXContainerItemProxy;
			containerPortal = F1405A761D93ADAC00B3D8B9 /* Project object */;
			proxyType = 1;
			remoteGlobalIDString = F1405A7D1D93ADAC00B3D8B9;
			remoteInfo = MVPSampleApp;
		};
/* End PBXContainerItemProxy section */

/* Begin PBXFileReference section */
		F1405A7E1D93ADAC00B3D8B9 /* MVPSampleApp.app */ = {isa = PBXFileReference; explicitFileType = wrapper.application; includeInIndex = 0; path = MVPSampleApp.app; sourceTree = BUILT_PRODUCTS_DIR; };
		F1405A821D93ADAD00B3D8B9 /* main.m */ = {isa = PBXFileReference; lastKnownFileType = sourcecode.c.objc; path = main.m; sourceTree = "<group>"; };
		F1405A841D93ADAD00B3D8B9 /* AppDelegate.h */ = {isa = PBXFileReference; lastKnownFileType = sourcecode.c.h; path = AppDelegate.h; sourceTree = "<group>"; };
		F1405A851D93ADAD00B3D8B9 /* AppDelegate.m */ = {isa = PBXFileReference; lastKnownFileType = sourcecode.c.objc; path = AppDelegate.m; sourceTree = "<group>"; };
		F1405A8B1D93ADAD00B3D8B9 /* Base */ = {isa = PBXFileReference; lastKnownFileType = file.storyboard; name = Base; path = Base.lproj/Main.storyboard; sourceTree = "<group>"; };
		F1405A8D1D93ADAD00B3D8B9 /* Assets.xcassets */ = {isa = PBXFileReference; lastKnownFileType = folder.assetcatalog; path = Assets.xcassets; sourceTree = "<group>"; };
		F1405A901D93ADAD00B3D8B9 /* Base */ = {isa = PBXFileReference; lastKnownFileType = file.storyboard; name = Base; path = Base.lproj/LaunchScreen.storyboard; sourceTree = "<group>"; };
		F1405A921D93ADAD00B3D8B9 /* Info.plist */ = {isa = PBXFileReference; lastKnownFileType = text.plist.xml; path = Info.plist; sourceTree = "<group>"; };
		F1405A971D93ADAD00B3D8B9 /* MVPSampleAppTests.xctest */ = {isa = PBXFileReference; explicitFileType = wrapper.cfbundle; includeInIndex = 0; path = MVPSampleAppTests.xctest; sourceTree = BUILT_PRODUCTS_DIR; };
		F1405A9B1D93ADAD00B3D8B9 /* MVPSUserInfoTest.m */ = {isa = PBXFileReference; lastKnownFileType = sourcecode.c.objc; path = MVPSUserInfoTest.m; sourceTree = "<group>"; };
		F1405A9D1D93ADAD00B3D8B9 /* Info.plist */ = {isa = PBXFileReference; lastKnownFileType = text.plist.xml; path = Info.plist; sourceTree = "<group>"; };
		F1405AA21D93ADAD00B3D8B9 /* MVPSampleAppUITests.xctest */ = {isa = PBXFileReference; explicitFileType = wrapper.cfbundle; includeInIndex = 0; path = MVPSampleAppUITests.xctest; sourceTree = BUILT_PRODUCTS_DIR; };
		F1405AA61D93ADAD00B3D8B9 /* MVPSampleAppUITests.m */ = {isa = PBXFileReference; lastKnownFileType = sourcecode.c.objc; path = MVPSampleAppUITests.m; sourceTree = "<group>"; };
		F1405AA81D93ADAD00B3D8B9 /* Info.plist */ = {isa = PBXFileReference; lastKnownFileType = text.plist.xml; path = Info.plist; sourceTree = "<group>"; };
		F1405AD91D941AA800B3D8B9 /* UserInfo.json */ = {isa = PBXFileReference; fileEncoding = 4; lastKnownFileType = text.json; path = UserInfo.json; sourceTree = "<group>"; };
		F1509A621D9BA8EE004B6CF6 /* MVPSUserInfoTableViewCell.h */ = {isa = PBXFileReference; fileEncoding = 4; lastKnownFileType = sourcecode.c.h; path = MVPSUserInfoTableViewCell.h; sourceTree = "<group>"; };
		F1509A631D9BA8EE004B6CF6 /* MVPSUserInfoTableViewCell.m */ = {isa = PBXFileReference; fileEncoding = 4; lastKnownFileType = sourcecode.c.objc; path = MVPSUserInfoTableViewCell.m; sourceTree = "<group>"; };
		F1509A651D9BA8EE004B6CF6 /* MVPSViewController.h */ = {isa = PBXFileReference; fileEncoding = 4; lastKnownFileType = sourcecode.c.h; path = MVPSViewController.h; sourceTree = "<group>"; };
		F1509A661D9BA8EE004B6CF6 /* MVPSViewController.m */ = {isa = PBXFileReference; fileEncoding = 4; lastKnownFileType = sourcecode.c.objc; path = MVPSViewController.m; sourceTree = "<group>"; };
		F1509A681D9BA8EE004B6CF6 /* MVPSUserInfoTableViewDataSource.h */ = {isa = PBXFileReference; fileEncoding = 4; lastKnownFileType = sourcecode.c.h; path = MVPSUserInfoTableViewDataSource.h; sourceTree = "<group>"; };
		F1509A691D9BA8EE004B6CF6 /* MVPSUserInfoTableViewDataSource.m */ = {isa = PBXFileReference; fileEncoding = 4; lastKnownFileType = sourcecode.c.objc; path = MVPSUserInfoTableViewDataSource.m; sourceTree = "<group>"; };
		F1509A6B1D9BA8EE004B6CF6 /* MVPSUserInfo+View.h */ = {isa = PBXFileReference; fileEncoding = 4; lastKnownFileType = sourcecode.c.h; path = "MVPSUserInfo+View.h"; sourceTree = "<group>"; };
		F1509A6C1D9BA8EE004B6CF6 /* MVPSUserInfo+View.m */ = {isa = PBXFileReference; fileEncoding = 4; lastKnownFileType = sourcecode.c.objc; path = "MVPSUserInfo+View.m"; sourceTree = "<group>"; };
		F1509A6D1D9BA8EE004B6CF6 /* MVPSUserInfo.h */ = {isa = PBXFileReference; fileEncoding = 4; lastKnownFileType = sourcecode.c.h; path = MVPSUserInfo.h; sourceTree = "<group>"; };
		F1509A6E1D9BA8EE004B6CF6 /* MVPSUserInfo.m */ = {isa = PBXFileReference; fileEncoding = 4; lastKnownFileType = sourcecode.c.objc; path = MVPSUserInfo.m; sourceTree = "<group>"; };
		F1509A701D9BA8EE004B6CF6 /* MVPSUserInfoPresenter.h */ = {isa = PBXFileReference; fileEncoding = 4; lastKnownFileType = sourcecode.c.h; path = MVPSUserInfoPresenter.h; sourceTree = "<group>"; };
		F1509A711D9BA8EE004B6CF6 /* MVPSUserInfoPresenter.m */ = {isa = PBXFileReference; fileEncoding = 4; lastKnownFileType = sourcecode.c.objc; path = MVPSUserInfoPresenter.m; sourceTree = "<group>"; };
		F1509A731D9BA8EE004B6CF6 /* MVPSUserInfoViewModel.h */ = {isa = PBXFileReference; fileEncoding = 4; lastKnownFileType = sourcecode.c.h; path = MVPSUserInfoViewModel.h; sourceTree = "<group>"; };
		F1509A741D9BA8EE004B6CF6 /* MVPSUserInfoViewModel.m */ = {isa = PBXFileReference; fileEncoding = 4; lastKnownFileType = sourcecode.c.objc; path = MVPSUserInfoViewModel.m; sourceTree = "<group>"; };
		F1509A761D9BA8EE004B6CF6 /* Utility.h */ = {isa = PBXFileReference; fileEncoding = 4; lastKnownFileType = sourcecode.c.h; path = Utility.h; sourceTree = "<group>"; };
		F1509A771D9BA8EE004B6CF6 /* Utility.m */ = {isa = PBXFileReference; fileEncoding = 4; lastKnownFileType = sourcecode.c.objc; path = Utility.m; sourceTree = "<group>"; };
		F172EADE1D9AAE2800D15300 /* MVPSViewModelTest.m */ = {isa = PBXFileReference; fileEncoding = 4; lastKnownFileType = sourcecode.c.objc; path = MVPSViewModelTest.m; sourceTree = "<group>"; };
/* End PBXFileReference section */

/* Begin PBXFrameworksBuildPhase section */
		F1405A7B1D93ADAC00B3D8B9 /* Frameworks */ = {
			isa = PBXFrameworksBuildPhase;
			buildActionMask = 2147483647;
			files = (
			);
			runOnlyForDeploymentPostprocessing = 0;
		};
		F1405A941D93ADAD00B3D8B9 /* Frameworks */ = {
			isa = PBXFrameworksBuildPhase;
			buildActionMask = 2147483647;
			files = (
			);
			runOnlyForDeploymentPostprocessing = 0;
		};
		F1405A9F1D93ADAD00B3D8B9 /* Frameworks */ = {
			isa = PBXFrameworksBuildPhase;
			buildActionMask = 2147483647;
			files = (
			);
			runOnlyForDeploymentPostprocessing = 0;
		};
/* End PBXFrameworksBuildPhase section */

/* Begin PBXGroup section */
		F1405A751D93ADAC00B3D8B9 = {
			isa = PBXGroup;
			children = (
				F1405AC81D93E2B300B3D8B9 /* Local Files */,
				F1405A801D93ADAD00B3D8B9 /* MVPSampleApp */,
				F1405A9A1D93ADAD00B3D8B9 /* MVPSampleAppTests */,
				F1405AA51D93ADAD00B3D8B9 /* MVPSampleAppUITests */,
				F1405A7F1D93ADAC00B3D8B9 /* Products */,
			);
			sourceTree = "<group>";
		};
		F1405A7F1D93ADAC00B3D8B9 /* Products */ = {
			isa = PBXGroup;
			children = (
				F1405A7E1D93ADAC00B3D8B9 /* MVPSampleApp.app */,
				F1405A971D93ADAD00B3D8B9 /* MVPSampleAppTests.xctest */,
				F1405AA21D93ADAD00B3D8B9 /* MVPSampleAppUITests.xctest */,
			);
			name = Products;
			sourceTree = "<group>";
		};
		F1405A801D93ADAD00B3D8B9 /* MVPSampleApp */ = {
			isa = PBXGroup;
			children = (
				F1509A601D9BA8EE004B6CF6 /* User Info List */,
				F1509A751D9BA8EE004B6CF6 /* Utility */,
				F1405AB61D93B19500B3D8B9 /* Storyboards */,
				F1405AB41D93AFA200B3D8B9 /* Global */,
				F1405A811D93ADAD00B3D8B9 /* Supporting Files */,
			);
			path = MVPSampleApp;
			sourceTree = "<group>";
		};
		F1405A811D93ADAD00B3D8B9 /* Supporting Files */ = {
			isa = PBXGroup;
			children = (
				F1405A821D93ADAD00B3D8B9 /* main.m */,
			);
			name = "Supporting Files";
			sourceTree = "<group>";
		};
		F1405A9A1D93ADAD00B3D8B9 /* MVPSampleAppTests */ = {
			isa = PBXGroup;
			children = (
				F1405A9B1D93ADAD00B3D8B9 /* MVPSUserInfoTest.m */,
				F172EADE1D9AAE2800D15300 /* MVPSViewModelTest.m */,
				F1405A9D1D93ADAD00B3D8B9 /* Info.plist */,
			);
			path = MVPSampleAppTests;
			sourceTree = "<group>";
		};
		F1405AA51D93ADAD00B3D8B9 /* MVPSampleAppUITests */ = {
			isa = PBXGroup;
			children = (
				F1405AA61D93ADAD00B3D8B9 /* MVPSampleAppUITests.m */,
				F1405AA81D93ADAD00B3D8B9 /* Info.plist */,
			);
			path = MVPSampleAppUITests;
			sourceTree = "<group>";
		};
		F1405AB41D93AFA200B3D8B9 /* Global */ = {
			isa = PBXGroup;
			children = (
				F1405A841D93ADAD00B3D8B9 /* AppDelegate.h */,
				F1405A851D93ADAD00B3D8B9 /* AppDelegate.m */,
				F1405A8D1D93ADAD00B3D8B9 /* Assets.xcassets */,
				F1405A921D93ADAD00B3D8B9 /* Info.plist */,
			);
			name = Global;
			sourceTree = "<group>";
		};
		F1405AB61D93B19500B3D8B9 /* Storyboards */ = {
			isa = PBXGroup;
			children = (
				F1405A8A1D93ADAD00B3D8B9 /* Main.storyboard */,
				F1405A8F1D93ADAD00B3D8B9 /* LaunchScreen.storyboard */,
			);
			name = Storyboards;
			sourceTree = "<group>";
		};
		F1405AC81D93E2B300B3D8B9 /* Local Files */ = {
			isa = PBXGroup;
			children = (
				F1405AD91D941AA800B3D8B9 /* UserInfo.json */,
			);
			name = "Local Files";
			sourceTree = "<group>";
		};
		F1509A601D9BA8EE004B6CF6 /* User Info List */ = {
			isa = PBXGroup;
			children = (
				F1509A611D9BA8EE004B6CF6 /* Cell */,
				F1509A641D9BA8EE004B6CF6 /* Controller */,
				F1509A671D9BA8EE004B6CF6 /* Data Source */,
				F1509A6A1D9BA8EE004B6CF6 /* Model */,
				F1509A6F1D9BA8EE004B6CF6 /* Presenter */,
				F1509A721D9BA8EE004B6CF6 /* View Model */,
			);
			path = "User Info List";
			sourceTree = "<group>";
		};
		F1509A611D9BA8EE004B6CF6 /* Cell */ = {
			isa = PBXGroup;
			children = (
				F1509A621D9BA8EE004B6CF6 /* MVPSUserInfoTableViewCell.h */,
				F1509A631D9BA8EE004B6CF6 /* MVPSUserInfoTableViewCell.m */,
			);
			path = Cell;
			sourceTree = "<group>";
		};
		F1509A641D9BA8EE004B6CF6 /* Controller */ = {
			isa = PBXGroup;
			children = (
				F1509A651D9BA8EE004B6CF6 /* MVPSViewController.h */,
				F1509A661D9BA8EE004B6CF6 /* MVPSViewController.m */,
			);
			path = Controller;
			sourceTree = "<group>";
		};
		F1509A671D9BA8EE004B6CF6 /* Data Source */ = {
			isa = PBXGroup;
			children = (
				F1509A681D9BA8EE004B6CF6 /* MVPSUserInfoTableViewDataSource.h */,
				F1509A691D9BA8EE004B6CF6 /* MVPSUserInfoTableViewDataSource.m */,
			);
			path = "Data Source";
			sourceTree = "<group>";
		};
		F1509A6A1D9BA8EE004B6CF6 /* Model */ = {
			isa = PBXGroup;
			children = (
				F1509A6B1D9BA8EE004B6CF6 /* MVPSUserInfo+View.h */,
				F1509A6C1D9BA8EE004B6CF6 /* MVPSUserInfo+View.m */,
				F1509A6D1D9BA8EE004B6CF6 /* MVPSUserInfo.h */,
				F1509A6E1D9BA8EE004B6CF6 /* MVPSUserInfo.m */,
			);
			path = Model;
			sourceTree = "<group>";
		};
		F1509A6F1D9BA8EE004B6CF6 /* Presenter */ = {
			isa = PBXGroup;
			children = (
				F1509A701D9BA8EE004B6CF6 /* MVPSUserInfoPresenter.h */,
				F1509A711D9BA8EE004B6CF6 /* MVPSUserInfoPresenter.m */,
			);
			path = Presenter;
			sourceTree = "<group>";
		};
		F1509A721D9BA8EE004B6CF6 /* View Model */ = {
			isa = PBXGroup;
			children = (
				F1509A731D9BA8EE004B6CF6 /* MVPSUserInfoViewModel.h */,
				F1509A741D9BA8EE004B6CF6 /* MVPSUserInfoViewModel.m */,
			);
			path = "View Model";
			sourceTree = "<group>";
		};
		F1509A751D9BA8EE004B6CF6 /* Utility */ = {
			isa = PBXGroup;
			children = (
				F1509A761D9BA8EE004B6CF6 /* Utility.h */,
				F1509A771D9BA8EE004B6CF6 /* Utility.m */,
			);
			path = Utility;
			sourceTree = "<group>";
		};
/* End PBXGroup section */

/* Begin PBXNativeTarget section */
		F1405A7D1D93ADAC00B3D8B9 /* MVPSampleApp */ = {
			isa = PBXNativeTarget;
			buildConfigurationList = F1405AAB1D93ADAD00B3D8B9 /* Build configuration list for PBXNativeTarget "MVPSampleApp" */;
			buildPhases = (
				F1405A7A1D93ADAC00B3D8B9 /* Sources */,
				F1405A7B1D93ADAC00B3D8B9 /* Frameworks */,
				F1405A7C1D93ADAC00B3D8B9 /* Resources */,
			);
			buildRules = (
			);
			dependencies = (
			);
			name = MVPSampleApp;
			productName = MVPSampleApp;
			productReference = F1405A7E1D93ADAC00B3D8B9 /* MVPSampleApp.app */;
			productType = "com.apple.product-type.application";
		};
		F1405A961D93ADAD00B3D8B9 /* MVPSampleAppTests */ = {
			isa = PBXNativeTarget;
			buildConfigurationList = F1405AAE1D93ADAD00B3D8B9 /* Build configuration list for PBXNativeTarget "MVPSampleAppTests" */;
			buildPhases = (
				F1405A931D93ADAD00B3D8B9 /* Sources */,
				F1405A941D93ADAD00B3D8B9 /* Frameworks */,
				F1405A951D93ADAD00B3D8B9 /* Resources */,
			);
			buildRules = (
			);
			dependencies = (
				F1405A991D93ADAD00B3D8B9 /* PBXTargetDependency */,
			);
			name = MVPSampleAppTests;
			productName = MVPSampleAppTests;
			productReference = F1405A971D93ADAD00B3D8B9 /* MVPSampleAppTests.xctest */;
			productType = "com.apple.product-type.bundle.unit-test";
		};
		F1405AA11D93ADAD00B3D8B9 /* MVPSampleAppUITests */ = {
			isa = PBXNativeTarget;
			buildConfigurationList = F1405AB11D93ADAD00B3D8B9 /* Build configuration list for PBXNativeTarget "MVPSampleAppUITests" */;
			buildPhases = (
				F1405A9E1D93ADAD00B3D8B9 /* Sources */,
				F1405A9F1D93ADAD00B3D8B9 /* Frameworks */,
				F1405AA01D93ADAD00B3D8B9 /* Resources */,
			);
			buildRules = (
			);
			dependencies = (
				F1405AA41D93ADAD00B3D8B9 /* PBXTargetDependency */,
			);
			name = MVPSampleAppUITests;
			productName = MVPSampleAppUITests;
			productReference = F1405AA21D93ADAD00B3D8B9 /* MVPSampleAppUITests.xctest */;
			productType = "com.apple.product-type.bundle.ui-testing";
		};
/* End PBXNativeTarget section */

/* Begin PBXProject section */
		F1405A761D93ADAC00B3D8B9 /* Project object */ = {
			isa = PBXProject;
			attributes = {
				LastUpgradeCheck = 0730;
				ORGANIZATIONNAME = webonise;
				TargetAttributes = {
					F1405A7D1D93ADAC00B3D8B9 = {
						CreatedOnToolsVersion = 7.3.1;
					};
					F1405A961D93ADAD00B3D8B9 = {
						CreatedOnToolsVersion = 7.3.1;
						TestTargetID = F1405A7D1D93ADAC00B3D8B9;
					};
					F1405AA11D93ADAD00B3D8B9 = {
						CreatedOnToolsVersion = 7.3.1;
						TestTargetID = F1405A7D1D93ADAC00B3D8B9;
					};
				};
			};
			buildConfigurationList = F1405A791D93ADAC00B3D8B9 /* Build configuration list for PBXProject "MVPSampleApp" */;
			compatibilityVersion = "Xcode 3.2";
			developmentRegion = English;
			hasScannedForEncodings = 0;
			knownRegions = (
				en,
				Base,
			);
			mainGroup = F1405A751D93ADAC00B3D8B9;
			productRefGroup = F1405A7F1D93ADAC00B3D8B9 /* Products */;
			projectDirPath = "";
			projectRoot = "";
			targets = (
				F1405A7D1D93ADAC00B3D8B9 /* MVPSampleApp */,
				F1405A961D93ADAD00B3D8B9 /* MVPSampleAppTests */,
				F1405AA11D93ADAD00B3D8B9 /* MVPSampleAppUITests */,
			);
		};
/* End PBXProject section */

/* Begin PBXResourcesBuildPhase section */
		F1405A7C1D93ADAC00B3D8B9 /* Resources */ = {
			isa = PBXResourcesBuildPhase;
			buildActionMask = 2147483647;
			files = (
				F1405ADA1D941AA800B3D8B9 /* UserInfo.json in Resources */,
				F1405A911D93ADAD00B3D8B9 /* LaunchScreen.storyboard in Resources */,
				F1405A8E1D93ADAD00B3D8B9 /* Assets.xcassets in Resources */,
				F1405A8C1D93ADAD00B3D8B9 /* Main.storyboard in Resources */,
			);
			runOnlyForDeploymentPostprocessing = 0;
		};
		F1405A951D93ADAD00B3D8B9 /* Resources */ = {
			isa = PBXResourcesBuildPhase;
			buildActionMask = 2147483647;
			files = (
			);
			runOnlyForDeploymentPostprocessing = 0;
		};
		F1405AA01D93ADAD00B3D8B9 /* Resources */ = {
			isa = PBXResourcesBuildPhase;
			buildActionMask = 2147483647;
			files = (
			);
			runOnlyForDeploymentPostprocessing = 0;
		};
/* End PBXResourcesBuildPhase section */

/* Begin PBXSourcesBuildPhase section */
		F1405A7A1D93ADAC00B3D8B9 /* Sources */ = {
			isa = PBXSourcesBuildPhase;
			buildActionMask = 2147483647;
			files = (
				F1509A791D9BA8EE004B6CF6 /* MVPSViewController.m in Sources */,
				F1509A7C1D9BA8EE004B6CF6 /* MVPSUserInfo.m in Sources */,
				F1509A7F1D9BA8EE004B6CF6 /* Utility.m in Sources */,
				F1405A861D93ADAD00B3D8B9 /* AppDelegate.m in Sources */,
				F1509A7D1D9BA8EE004B6CF6 /* MVPSUserInfoPresenter.m in Sources */,
				F1509A781D9BA8EE004B6CF6 /* MVPSUserInfoTableViewCell.m in Sources */,
				F1509A7A1D9BA8EE004B6CF6 /* MVPSUserInfoTableViewDataSource.m in Sources */,
				F1405A831D93ADAD00B3D8B9 /* main.m in Sources */,
				F1509A7E1D9BA8EE004B6CF6 /* MVPSUserInfoViewModel.m in Sources */,
				F1509A7B1D9BA8EE004B6CF6 /* MVPSUserInfo+View.m in Sources */,
			);
			runOnlyForDeploymentPostprocessing = 0;
		};
		F1405A931D93ADAD00B3D8B9 /* Sources */ = {
			isa = PBXSourcesBuildPhase;
			buildActionMask = 2147483647;
			files = (
				F172EADF1D9AAE2800D15300 /* MVPSViewModelTest.m in Sources */,
				F1405A9C1D93ADAD00B3D8B9 /* MVPSUserInfoTest.m in Sources */,
			);
			runOnlyForDeploymentPostprocessing = 0;
		};
		F1405A9E1D93ADAD00B3D8B9 /* Sources */ = {
			isa = PBXSourcesBuildPhase;
			buildActionMask = 2147483647;
			files = (
				F1405AA71D93ADAD00B3D8B9 /* MVPSampleAppUITests.m in Sources */,
			);
			runOnlyForDeploymentPostprocessing = 0;
		};
/* End PBXSourcesBuildPhase section */

/* Begin PBXTargetDependency section */
		F1405A991D93ADAD00B3D8B9 /* PBXTargetDependency */ = {
			isa = PBXTargetDependency;
			target = F1405A7D1D93ADAC00B3D8B9 /* MVPSampleApp */;
			targetProxy = F1405A981D93ADAD00B3D8B9 /* PBXContainerItemProxy */;
		};
		F1405AA41D93ADAD00B3D8B9 /* PBXTargetDependency */ = {
			isa = PBXTargetDependency;
			target = F1405A7D1D93ADAC00B3D8B9 /* MVPSampleApp */;
			targetProxy = F1405AA31D93ADAD00B3D8B9 /* PBXContainerItemProxy */;
		};
/* End PBXTargetDependency section */

/* Begin PBXVariantGroup section */
		F1405A8A1D93ADAD00B3D8B9 /* Main.storyboard */ = {
			isa = PBXVariantGroup;
			children = (
				F1405A8B1D93ADAD00B3D8B9 /* Base */,
			);
			name = Main.storyboard;
			sourceTree = "<group>";
		};
		F1405A8F1D93ADAD00B3D8B9 /* LaunchScreen.storyboard */ = {
			isa = PBXVariantGroup;
			children = (
				F1405A901D93ADAD00B3D8B9 /* Base */,
			);
			name = LaunchScreen.storyboard;
			sourceTree = "<group>";
		};
/* End PBXVariantGroup section */

/* Begin XCBuildConfiguration section */
		F1405AA91D93ADAD00B3D8B9 /* Debug */ = {
			isa = XCBuildConfiguration;
			buildSettings = {
				ALWAYS_SEARCH_USER_PATHS = NO;
				CLANG_ANALYZER_NONNULL = YES;
				CLANG_CXX_LANGUAGE_STANDARD = "gnu++0x";
				CLANG_CXX_LIBRARY = "libc++";
				CLANG_ENABLE_MODULES = YES;
				CLANG_ENABLE_OBJC_ARC = YES;
				CLANG_WARN_BOOL_CONVERSION = YES;
				CLANG_WARN_CONSTANT_CONVERSION = YES;
				CLANG_WARN_DIRECT_OBJC_ISA_USAGE = YES_ERROR;
				CLANG_WARN_EMPTY_BODY = YES;
				CLANG_WARN_ENUM_CONVERSION = YES;
				CLANG_WARN_INT_CONVERSION = YES;
				CLANG_WARN_OBJC_ROOT_CLASS = YES_ERROR;
				CLANG_WARN_UNREACHABLE_CODE = YES;
				CLANG_WARN__DUPLICATE_METHOD_MATCH = YES;
				"CODE_SIGN_IDENTITY[sdk=iphoneos*]" = "iPhone Developer";
				COPY_PHASE_STRIP = NO;
				DEBUG_INFORMATION_FORMAT = dwarf;
				ENABLE_STRICT_OBJC_MSGSEND = YES;
				ENABLE_TESTABILITY = YES;
				GCC_C_LANGUAGE_STANDARD = gnu99;
				GCC_DYNAMIC_NO_PIC = NO;
				GCC_NO_COMMON_BLOCKS = YES;
				GCC_OPTIMIZATION_LEVEL = 0;
				GCC_PREPROCESSOR_DEFINITIONS = (
					"DEBUG=1",
					"$(inherited)",
				);
				GCC_WARN_64_TO_32_BIT_CONVERSION = YES;
				GCC_WARN_ABOUT_RETURN_TYPE = YES_ERROR;
				GCC_WARN_UNDECLARED_SELECTOR = YES;
				GCC_WARN_UNINITIALIZED_AUTOS = YES_AGGRESSIVE;
				GCC_WARN_UNUSED_FUNCTION = YES;
				GCC_WARN_UNUSED_VARIABLE = YES;
				IPHONEOS_DEPLOYMENT_TARGET = 9.3;
				MTL_ENABLE_DEBUG_INFO = YES;
				ONLY_ACTIVE_ARCH = YES;
				SDKROOT = iphoneos;
				TARGETED_DEVICE_FAMILY = "1,2";
			};
			name = Debug;
		};
		F1405AAA1D93ADAD00B3D8B9 /* Release */ = {
			isa = XCBuildConfiguration;
			buildSettings = {
				ALWAYS_SEARCH_USER_PATHS = NO;
				CLANG_ANALYZER_NONNULL = YES;
				CLANG_CXX_LANGUAGE_STANDARD = "gnu++0x";
				CLANG_CXX_LIBRARY = "libc++";
				CLANG_ENABLE_MODULES = YES;
				CLANG_ENABLE_OBJC_ARC = YES;
				CLANG_WARN_BOOL_CONVERSION = YES;
				CLANG_WARN_CONSTANT_CONVERSION = YES;
				CLANG_WARN_DIRECT_OBJC_ISA_USAGE = YES_ERROR;
				CLANG_WARN_EMPTY_BODY = YES;
				CLANG_WARN_ENUM_CONVERSION = YES;
				CLANG_WARN_INT_CONVERSION = YES;
				CLANG_WARN_OBJC_ROOT_CLASS = YES_ERROR;
				CLANG_WARN_UNREACHABLE_CODE = YES;
				CLANG_WARN__DUPLICATE_METHOD_MATCH = YES;
				"CODE_SIGN_IDENTITY[sdk=iphoneos*]" = "iPhone Developer";
				COPY_PHASE_STRIP = NO;
				DEBUG_INFORMATION_FORMAT = "dwarf-with-dsym";
				ENABLE_NS_ASSERTIONS = NO;
				ENABLE_STRICT_OBJC_MSGSEND = YES;
				GCC_C_LANGUAGE_STANDARD = gnu99;
				GCC_NO_COMMON_BLOCKS = YES;
				GCC_WARN_64_TO_32_BIT_CONVERSION = YES;
				GCC_WARN_ABOUT_RETURN_TYPE = YES_ERROR;
				GCC_WARN_UNDECLARED_SELECTOR = YES;
				GCC_WARN_UNINITIALIZED_AUTOS = YES_AGGRESSIVE;
				GCC_WARN_UNUSED_FUNCTION = YES;
				GCC_WARN_UNUSED_VARIABLE = YES;
				IPHONEOS_DEPLOYMENT_TARGET = 9.3;
				MTL_ENABLE_DEBUG_INFO = NO;
				SDKROOT = iphoneos;
				TARGETED_DEVICE_FAMILY = "1,2";
				VALIDATE_PRODUCT = YES;
			};
			name = Release;
		};
		F1405AAC1D93ADAD00B3D8B9 /* Debug */ = {
			isa = XCBuildConfiguration;
			buildSettings = {
				ASSETCATALOG_COMPILER_APPICON_NAME = AppIcon;
				INFOPLIST_FILE = MVPSampleApp/Info.plist;
				LD_RUNPATH_SEARCH_PATHS = "$(inherited) @executable_path/Frameworks";
				PRODUCT_BUNDLE_IDENTIFIER = com.webonise.MVPSampleApp;
				PRODUCT_NAME = "$(TARGET_NAME)";
			};
			name = Debug;
		};
		F1405AAD1D93ADAD00B3D8B9 /* Release */ = {
			isa = XCBuildConfiguration;
			buildSettings = {
				ASSETCATALOG_COMPILER_APPICON_NAME = AppIcon;
				INFOPLIST_FILE = MVPSampleApp/Info.plist;
				LD_RUNPATH_SEARCH_PATHS = "$(inherited) @executable_path/Frameworks";
				PRODUCT_BUNDLE_IDENTIFIER = com.webonise.MVPSampleApp;
				PRODUCT_NAME = "$(TARGET_NAME)";
			};
			name = Release;
		};
		F1405AAF1D93ADAD00B3D8B9 /* Debug */ = {
			isa = XCBuildConfiguration;
			buildSettings = {
				BUNDLE_LOADER = "$(TEST_HOST)";
				INFOPLIST_FILE = MVPSampleAppTests/Info.plist;
				LD_RUNPATH_SEARCH_PATHS = "$(inherited) @executable_path/Frameworks @loader_path/Frameworks";
				PRODUCT_BUNDLE_IDENTIFIER = com.webonise.MVPSampleAppTests;
				PRODUCT_NAME = "$(TARGET_NAME)";
				TEST_HOST = "$(BUILT_PRODUCTS_DIR)/MVPSampleApp.app/MVPSampleApp";
			};
			name = Debug;
		};
		F1405AB01D93ADAD00B3D8B9 /* Release */ = {
			isa = XCBuildConfiguration;
			buildSettings = {
				BUNDLE_LOADER = "$(TEST_HOST)";
				INFOPLIST_FILE = MVPSampleAppTests/Info.plist;
				LD_RUNPATH_SEARCH_PATHS = "$(inherited) @executable_path/Frameworks @loader_path/Frameworks";
				PRODUCT_BUNDLE_IDENTIFIER = com.webonise.MVPSampleAppTests;
				PRODUCT_NAME = "$(TARGET_NAME)";
				TEST_HOST = "$(BUILT_PRODUCTS_DIR)/MVPSampleApp.app/MVPSampleApp";
			};
			name = Release;
		};
		F1405AB21D93ADAD00B3D8B9 /* Debug */ = {
			isa = XCBuildConfiguration;
			buildSettings = {
				INFOPLIST_FILE = MVPSampleAppUITests/Info.plist;
				LD_RUNPATH_SEARCH_PATHS = "$(inherited) @executable_path/Frameworks @loader_path/Frameworks";
				PRODUCT_BUNDLE_IDENTIFIER = com.webonise.MVPSampleAppUITests;
				PRODUCT_NAME = "$(TARGET_NAME)";
				TEST_TARGET_NAME = MVPSampleApp;
			};
			name = Debug;
		};
		F1405AB31D93ADAD00B3D8B9 /* Release */ = {
			isa = XCBuildConfiguration;
			buildSettings = {
				INFOPLIST_FILE = MVPSampleAppUITests/Info.plist;
				LD_RUNPATH_SEARCH_PATHS = "$(inherited) @executable_path/Frameworks @loader_path/Frameworks";
				PRODUCT_BUNDLE_IDENTIFIER = com.webonise.MVPSampleAppUITests;
				PRODUCT_NAME = "$(TARGET_NAME)";
				TEST_TARGET_NAME = MVPSampleApp;
			};
			name = Release;
		};
/* End XCBuildConfiguration section */

/* Begin XCConfigurationList section */
		F1405A791D93ADAC00B3D8B9 /* Build configuration list for PBXProject "MVPSampleApp" */ = {
			isa = XCConfigurationList;
			buildConfigurations = (
				F1405AA91D93ADAD00B3D8B9 /* Debug */,
				F1405AAA1D93ADAD00B3D8B9 /* Release */,
			);
			defaultConfigurationIsVisible = 0;
			defaultConfigurationName = Release;
		};
		F1405AAB1D93ADAD00B3D8B9 /* Build configuration list for PBXNativeTarget "MVPSampleApp" */ = {
			isa = XCConfigurationList;
			buildConfigurations = (
				F1405AAC1D93ADAD00B3D8B9 /* Debug */,
				F1405AAD1D93ADAD00B3D8B9 /* Release */,
			);
			defaultConfigurationIsVisible = 0;
			defaultConfigurationName = Release;
		};
		F1405AAE1D93ADAD00B3D8B9 /* Build configuration list for PBXNativeTarget "MVPSampleAppTests" */ = {
			isa = XCConfigurationList;
			buildConfigurations = (
				F1405AAF1D93ADAD00B3D8B9 /* Debug */,
				F1405AB01D93ADAD00B3D8B9 /* Release */,
			);
			defaultConfigurationIsVisible = 0;
			defaultConfigurationName = Release;
		};
		F1405AB11D93ADAD00B3D8B9 /* Build configuration list for PBXNativeTarget "MVPSampleAppUITests" */ = {
			isa = XCConfigurationList;
			buildConfigurations = (
				F1405AB21D93ADAD00B3D8B9 /* Debug */,
				F1405AB31D93ADAD00B3D8B9 /* Release */,
			);
			defaultConfigurationIsVisible = 0;
			defaultConfigurationName = Release;
		};
/* End XCConfigurationList section */
	};
	rootObject = F1405A761D93ADAC00B3D8B9 /* Project object */;
}
